
Microsoft Visual Studio Solution File, Format Version 12.00
# Visual Studio Version 16
VisualStudioVersion = 16.0.30309.148
MinimumVisualStudioVersion = 10.0.40219.1
Project("{8BC9CEB8-8B4A-11D0-8D11-00A0C91BC942}") = "001.daytime", "001.daytime\001.daytime.vcxproj", "{46D4112B-447D-45DE-8A19-7131E8F50437}"
EndProject
Project("{8BC9CEB8-8B4A-11D0-8D11-00A0C91BC942}") = "000.discard", "000.discard\000.discard.vcxproj", "{5DE2C1ED-310D-44A3-AF91-456F5AF099C5}"
EndProject
Project("{8BC9CEB8-8B4A-11D0-8D11-00A0C91BC942}") = "002.time", "002.time\002.time.vcxproj", "{83DE22DB-7010-442C-BDF7-60E60575FC5F}"
EndProject
Project("{8BC9CEB8-8B4A-11D0-8D11-00A0C91BC942}") = "002.time_client", "002.time_client\002.time_client.vcxproj", "{A4C30789-AF5E-454C-AE86-34C24487F03C}"
EndProject
Project("{8BC9CEB8-8B4A-11D0-8D11-00A0C91BC942}") = "003.echo", "003.echo\003.echo.vcxproj", "{C5272106-C6CC-4AC6-AF86-CFFA65C36C3C}"
EndProject
Project("{8BC9CEB8-8B4A-11D0-8D11-00A0C91BC942}") = "000.discard_client", "000.discard_client\000.discard_client.vcxproj", "{FF620069-8D5E-4109-98EB-39AC89CAF963}"
EndProject
Project("{8BC9CEB8-8B4A-11D0-8D11-00A0C91BC942}") = "002.time_client_libevent", "002.time_client_libevent\002.time_client_libevent.vcxproj", "{D1B50602-7272-4BCD-A572-56B4E36BB5DC}"
EndProject
Project("{8BC9CEB8-8B4A-11D0-8D11-00A0C91BC942}") = "004.chargen", "004.chargen\004.chargen.vcxproj", "{6C88832D-845F-4AC9-ABD2-93F38BAF441A}"
EndProject
Project("{8BC9CEB8-8B4A-11D0-8D11-00A0C91BC942}") = "005.pingpong", "005.pingpong\005.pingpong.vcxproj", "{BB4C4C94-3870-4C33-B8E6-18074CA712CF}"
EndProject
Project("{8BC9CEB8-8B4A-11D0-8D11-00A0C91BC942}") = "005.pingpong_client", "005.pingpong_client\005.pingpong_client.vcxproj", "{1642209A-1081-40B6-A0BB-D457C0BA3BAA}"
EndProject
Project("{8BC9CEB8-8B4A-11D0-8D11-00A0C91BC942}") = "006.chat", "006.chat\006.chat.vcxproj", "{4A96F622-57EC-4DEE-A61B-6E0B59183006}"
EndProject
Project("{8BC9CEB8-8B4A-11D0-8D11-00A0C91BC942}") = "007.chat_with_codec", "007.chat_with_codec\007.chat_with_codec.vcxproj", "{6859E311-E7FD-41B0-A7FB-056F1FB76280}"
EndProject
Project("{8BC9CEB8-8B4A-11D0-8D11-00A0C91BC942}") = "007.chat_with_codec_client", "007.chat_with_codec_client\007.chat_with_codec_client.vcxproj", "{08006F22-2FBD-42C6-831F-A211A32F7835}"
EndProject
Global
	GlobalSection(SolutionConfigurationPlatforms) = preSolution
		Debug|x64 = Debug|x64
		Debug|x86 = Debug|x86
		Release|x64 = Release|x64
		Release|x86 = Release|x86
	EndGlobalSection
	GlobalSection(ProjectConfigurationPlatforms) = postSolution
		{46D4112B-447D-45DE-8A19-7131E8F50437}.Debug|x64.ActiveCfg = Debug|x64
		{46D4112B-447D-45DE-8A19-7131E8F50437}.Debug|x64.Build.0 = Debug|x64
		{46D4112B-447D-45DE-8A19-7131E8F50437}.Debug|x86.ActiveCfg = Debug|Win32
		{46D4112B-447D-45DE-8A19-7131E8F50437}.Debug|x86.Build.0 = Debug|Win32
		{46D4112B-447D-45DE-8A19-7131E8F50437}.Release|x64.ActiveCfg = Release|x64
		{46D4112B-447D-45DE-8A19-7131E8F50437}.Release|x64.Build.0 = Release|x64
		{46D4112B-447D-45DE-8A19-7131E8F50437}.Release|x86.ActiveCfg = Release|Win32
		{46D4112B-447D-45DE-8A19-7131E8F50437}.Release|x86.Build.0 = Release|Win32
		{5DE2C1ED-310D-44A3-AF91-456F5AF099C5}.Debug|x64.ActiveCfg = Debug|x64
		{5DE2C1ED-310D-44A3-AF91-456F5AF099C5}.Debug|x64.Build.0 = Debug|x64
		{5DE2C1ED-310D-44A3-AF91-456F5AF099C5}.Debug|x86.ActiveCfg = Debug|Win32
		{5DE2C1ED-310D-44A3-AF91-456F5AF099C5}.Debug|x86.Build.0 = Debug|Win32
		{5DE2C1ED-310D-44A3-AF91-456F5AF099C5}.Release|x64.ActiveCfg = Release|x64
		{5DE2C1ED-310D-44A3-AF91-456F5AF099C5}.Release|x64.Build.0 = Release|x64
		{5DE2C1ED-310D-44A3-AF91-456F5AF099C5}.Release|x86.ActiveCfg = Release|Win32
		{5DE2C1ED-310D-44A3-AF91-456F5AF099C5}.Release|x86.Build.0 = Release|Win32
		{83DE22DB-7010-442C-BDF7-60E60575FC5F}.Debug|x64.ActiveCfg = Debug|x64
		{83DE22DB-7010-442C-BDF7-60E60575FC5F}.Debug|x64.Build.0 = Debug|x64
		{83DE22DB-7010-442C-BDF7-60E60575FC5F}.Debug|x86.ActiveCfg = Debug|Win32
		{83DE22DB-7010-442C-BDF7-60E60575FC5F}.Debug|x86.Build.0 = Debug|Win32
		{83DE22DB-7010-442C-BDF7-60E60575FC5F}.Release|x64.ActiveCfg = Release|x64
		{83DE22DB-7010-442C-BDF7-60E60575FC5F}.Release|x64.Build.0 = Release|x64
		{83DE22DB-7010-442C-BDF7-60E60575FC5F}.Release|x86.ActiveCfg = Release|Win32
		{83DE22DB-7010-442C-BDF7-60E60575FC5F}.Release|x86.Build.0 = Release|Win32
		{A4C30789-AF5E-454C-AE86-34C24487F03C}.Debug|x64.ActiveCfg = Debug|x64
		{A4C30789-AF5E-454C-AE86-34C24487F03C}.Debug|x64.Build.0 = Debug|x64
		{A4C30789-AF5E-454C-AE86-34C24487F03C}.Debug|x86.ActiveCfg = Debug|Win32
		{A4C30789-AF5E-454C-AE86-34C24487F03C}.Debug|x86.Build.0 = Debug|Win32
		{A4C30789-AF5E-454C-AE86-34C24487F03C}.Release|x64.ActiveCfg = Release|x64
		{A4C30789-AF5E-454C-AE86-34C24487F03C}.Release|x64.Build.0 = Release|x64
		{A4C30789-AF5E-454C-AE86-34C24487F03C}.Release|x86.ActiveCfg = Release|Win32
		{A4C30789-AF5E-454C-AE86-34C24487F03C}.Release|x86.Build.0 = Release|Win32
		{C5272106-C6CC-4AC6-AF86-CFFA65C36C3C}.Debug|x64.ActiveCfg = Debug|x64
		{C5272106-C6CC-4AC6-AF86-CFFA65C36C3C}.Debug|x64.Build.0 = Debug|x64
		{C5272106-C6CC-4AC6-AF86-CFFA65C36C3C}.Debug|x86.ActiveCfg = Debug|Win32
		{C5272106-C6CC-4AC6-AF86-CFFA65C36C3C}.Debug|x86.Build.0 = Debug|Win32
		{C5272106-C6CC-4AC6-AF86-CFFA65C36C3C}.Release|x64.ActiveCfg = Release|x64
		{C5272106-C6CC-4AC6-AF86-CFFA65C36C3C}.Release|x64.Build.0 = Release|x64
		{C5272106-C6CC-4AC6-AF86-CFFA65C36C3C}.Release|x86.ActiveCfg = Release|Win32
		{C5272106-C6CC-4AC6-AF86-CFFA65C36C3C}.Release|x86.Build.0 = Release|Win32
		{FF620069-8D5E-4109-98EB-39AC89CAF963}.Debug|x64.ActiveCfg = Debug|x64
		{FF620069-8D5E-4109-98EB-39AC89CAF963}.Debug|x64.Build.0 = Debug|x64
		{FF620069-8D5E-4109-98EB-39AC89CAF963}.Debug|x86.ActiveCfg = Debug|Win32
		{FF620069-8D5E-4109-98EB-39AC89CAF963}.Debug|x86.Build.0 = Debug|Win32
		{FF620069-8D5E-4109-98EB-39AC89CAF963}.Release|x64.ActiveCfg = Release|x64
		{FF620069-8D5E-4109-98EB-39AC89CAF963}.Release|x64.Build.0 = Release|x64
		{FF620069-8D5E-4109-98EB-39AC89CAF963}.Release|x86.ActiveCfg = Release|Win32
		{FF620069-8D5E-4109-98EB-39AC89CAF963}.Release|x86.Build.0 = Release|Win32
		{D1B50602-7272-4BCD-A572-56B4E36BB5DC}.Debug|x64.ActiveCfg = Debug|x64
		{D1B50602-7272-4BCD-A572-56B4E36BB5DC}.Debug|x64.Build.0 = Debug|x64
		{D1B50602-7272-4BCD-A572-56B4E36BB5DC}.Debug|x86.ActiveCfg = Debug|Win32
		{D1B50602-7272-4BCD-A572-56B4E36BB5DC}.Debug|x86.Build.0 = Debug|Win32
		{D1B50602-7272-4BCD-A572-56B4E36BB5DC}.Release|x64.ActiveCfg = Release|x64
		{D1B50602-7272-4BCD-A572-56B4E36BB5DC}.Release|x64.Build.0 = Release|x64
		{D1B50602-7272-4BCD-A572-56B4E36BB5DC}.Release|x86.ActiveCfg = Release|Win32
		{D1B50602-7272-4BCD-A572-56B4E36BB5DC}.Release|x86.Build.0 = Release|Win32
		{6C88832D-845F-4AC9-ABD2-93F38BAF441A}.Debug|x64.ActiveCfg = Debug|x64
		{6C88832D-845F-4AC9-ABD2-93F38BAF441A}.Debug|x64.Build.0 = Debug|x64
		{6C88832D-845F-4AC9-ABD2-93F38BAF441A}.Debug|x86.ActiveCfg = Debug|Win32
		{6C88832D-845F-4AC9-ABD2-93F38BAF441A}.Debug|x86.Build.0 = Debug|Win32
		{6C88832D-845F-4AC9-ABD2-93F38BAF441A}.Release|x64.ActiveCfg = Release|x64
		{6C88832D-845F-4AC9-ABD2-93F38BAF441A}.Release|x64.Build.0 = Release|x64
		{6C88832D-845F-4AC9-ABD2-93F38BAF441A}.Release|x86.ActiveCfg = Release|Win32
		{6C88832D-845F-4AC9-ABD2-93F38BAF441A}.Release|x86.Build.0 = Release|Win32
		{BB4C4C94-3870-4C33-B8E6-18074CA712CF}.Debug|x64.ActiveCfg = Debug|x64
		{BB4C4C94-3870-4C33-B8E6-18074CA712CF}.Debug|x64.Build.0 = Debug|x64
		{BB4C4C94-3870-4C33-B8E6-18074CA712CF}.Debug|x86.ActiveCfg = Debug|Win32
		{BB4C4C94-3870-4C33-B8E6-18074CA712CF}.Debug|x86.Build.0 = Debug|Win32
		{BB4C4C94-3870-4C33-B8E6-18074CA712CF}.Release|x64.ActiveCfg = Release|x64
		{BB4C4C94-3870-4C33-B8E6-18074CA712CF}.Release|x64.Build.0 = Release|x64
		{BB4C4C94-3870-4C33-B8E6-18074CA712CF}.Release|x86.ActiveCfg = Release|Win32
		{BB4C4C94-3870-4C33-B8E6-18074CA712CF}.Release|x86.Build.0 = Release|Win32
		{1642209A-1081-40B6-A0BB-D457C0BA3BAA}.Debug|x64.ActiveCfg = Debug|x64
		{1642209A-1081-40B6-A0BB-D457C0BA3BAA}.Debug|x64.Build.0 = Debug|x64
		{1642209A-1081-40B6-A0BB-D457C0BA3BAA}.Debug|x86.ActiveCfg = Debug|Win32
		{1642209A-1081-40B6-A0BB-D457C0BA3BAA}.Debug|x86.Build.0 = Debug|Win32
		{1642209A-1081-40B6-A0BB-D457C0BA3BAA}.Release|x64.ActiveCfg = Release|x64
		{1642209A-1081-40B6-A0BB-D457C0BA3BAA}.Release|x64.Build.0 = Release|x64
		{1642209A-1081-40B6-A0BB-D457C0BA3BAA}.Release|x86.ActiveCfg = Release|Win32
		{1642209A-1081-40B6-A0BB-D457C0BA3BAA}.Release|x86.Build.0 = Release|Win32
		{4A96F622-57EC-4DEE-A61B-6E0B59183006}.Debug|x64.ActiveCfg = Debug|x64
		{4A96F622-57EC-4DEE-A61B-6E0B59183006}.Debug|x64.Build.0 = Debug|x64
		{4A96F622-57EC-4DEE-A61B-6E0B59183006}.Debug|x86.ActiveCfg = Debug|Win32
		{4A96F622-57EC-4DEE-A61B-6E0B59183006}.Debug|x86.Build.0 = Debug|Win32
		{4A96F622-57EC-4DEE-A61B-6E0B59183006}.Release|x64.ActiveCfg = Release|x64
		{4A96F622-57EC-4DEE-A61B-6E0B59183006}.Release|x64.Build.0 = Release|x64
		{4A96F622-57EC-4DEE-A61B-6E0B59183006}.Release|x86.ActiveCfg = Release|Win32
		{4A96F622-57EC-4DEE-A61B-6E0B59183006}.Release|x86.Build.0 = Release|Win32
		{6859E311-E7FD-41B0-A7FB-056F1FB76280}.Debug|x64.ActiveCfg = Debug|x64
		{6859E311-E7FD-41B0-A7FB-056F1FB76280}.Debug|x64.Build.0 = Debug|x64
		{6859E311-E7FD-41B0-A7FB-056F1FB76280}.Debug|x86.ActiveCfg = Debug|Win32
		{6859E311-E7FD-41B0-A7FB-056F1FB76280}.Debug|x86.Build.0 = Debug|Win32
		{6859E311-E7FD-41B0-A7FB-056F1FB76280}.Release|x64.ActiveCfg = Release|x64
		{6859E311-E7FD-41B0-A7FB-056F1FB76280}.Release|x64.Build.0 = Release|x64
		{6859E311-E7FD-41B0-A7FB-056F1FB76280}.Release|x86.ActiveCfg = Release|Win32
		{6859E311-E7FD-41B0-A7FB-056F1FB76280}.Release|x86.Build.0 = Release|Win32
		{08006F22-2FBD-42C6-831F-A211A32F7835}.Debug|x64.ActiveCfg = Debug|x64
		{08006F22-2FBD-42C6-831F-A211A32F7835}.Debug|x64.Build.0 = Debug|x64
		{08006F22-2FBD-42C6-831F-A211A32F7835}.Debug|x86.ActiveCfg = Debug|Win32
		{08006F22-2FBD-42C6-831F-A211A32F7835}.Debug|x86.Build.0 = Debug|Win32
		{08006F22-2FBD-42C6-831F-A211A32F7835}.Release|x64.ActiveCfg = Release|x64
		{08006F22-2FBD-42C6-831F-A211A32F7835}.Release|x64.Build.0 = Release|x64
		{08006F22-2FBD-42C6-831F-A211A32F7835}.Release|x86.ActiveCfg = Release|Win32
		{08006F22-2FBD-42C6-831F-A211A32F7835}.Release|x86.Build.0 = Release|Win32
	EndGlobalSection
	GlobalSection(SolutionProperties) = preSolution
		HideSolutionNode = FALSE
	EndGlobalSection
	GlobalSection(ExtensibilityGlobals) = postSolution
		SolutionGuid = {A4F61815-7169-40DA-9A3F-5FD9B88D1897}
	EndGlobalSection
EndGlobal
