
Microsoft Visual Studio Solution File, Format Version 12.00
# Visual Studio Version 16
VisualStudioVersion = 16.0.30309.148
MinimumVisualStudioVersion = 10.0.40219.1
Project("{8BC9CEB8-8B4A-11D0-8D11-00A0C91BC942}") = "001.daytime", "001.daytime\001.daytime.vcxproj", "{46D4112B-447D-45DE-8A19-7131E8F50437}"
EndProject
Project("{8BC9CEB8-8B4A-11D0-8D11-00A0C91BC942}") = "000.discard", "000.discard\000.discard.vcxproj", "{5DE2C1ED-310D-44A3-AF91-456F5AF099C5}"
EndProject
Global
	GlobalSection(SolutionConfigurationPlatforms) = preSolution
		Debug|x64 = Debug|x64
		Debug|x86 = Debug|x86
		Release|x64 = Release|x64
		Release|x86 = Release|x86
	EndGlobalSection
	GlobalSection(ProjectConfigurationPlatforms) = postSolution
		{46D4112B-447D-45DE-8A19-7131E8F50437}.Debug|x64.ActiveCfg = Debug|x64
		{46D4112B-447D-45DE-8A19-7131E8F50437}.Debug|x64.Build.0 = Debug|x64
		{46D4112B-447D-45DE-8A19-7131E8F50437}.Debug|x86.ActiveCfg = Debug|Win32
		{46D4112B-447D-45DE-8A19-7131E8F50437}.Debug|x86.Build.0 = Debug|Win32
		{46D4112B-447D-45DE-8A19-7131E8F50437}.Release|x64.ActiveCfg = Release|x64
		{46D4112B-447D-45DE-8A19-7131E8F50437}.Release|x64.Build.0 = Release|x64
		{46D4112B-447D-45DE-8A19-7131E8F50437}.Release|x86.ActiveCfg = Release|Win32
		{46D4112B-447D-45DE-8A19-7131E8F50437}.Release|x86.Build.0 = Release|Win32
		{5DE2C1ED-310D-44A3-AF91-456F5AF099C5}.Debug|x64.ActiveCfg = Debug|x64
		{5DE2C1ED-310D-44A3-AF91-456F5AF099C5}.Debug|x64.Build.0 = Debug|x64
		{5DE2C1ED-310D-44A3-AF91-456F5AF099C5}.Debug|x86.ActiveCfg = Debug|Win32
		{5DE2C1ED-310D-44A3-AF91-456F5AF099C5}.Debug|x86.Build.0 = Debug|Win32
		{5DE2C1ED-310D-44A3-AF91-456F5AF099C5}.Release|x64.ActiveCfg = Release|x64
		{5DE2C1ED-310D-44A3-AF91-456F5AF099C5}.Release|x64.Build.0 = Release|x64
		{5DE2C1ED-310D-44A3-AF91-456F5AF099C5}.Release|x86.ActiveCfg = Release|Win32
		{5DE2C1ED-310D-44A3-AF91-456F5AF099C5}.Release|x86.Build.0 = Release|Win32
	EndGlobalSection
	GlobalSection(SolutionProperties) = preSolution
		HideSolutionNode = FALSE
	EndGlobalSection
	GlobalSection(ExtensibilityGlobals) = postSolution
		SolutionGuid = {A4F61815-7169-40DA-9A3F-5FD9B88D1897}
	EndGlobalSection
EndGlobal
