
Microsoft Visual Studio Solution File, Format Version 12.00
# Visual Studio Version 16
VisualStudioVersion = 16.0.30309.148
MinimumVisualStudioVersion = 10.0.40219.1
Project("{2150E333-8FDC-42A3-9474-1A3956D46DE8}") = "libevent", "libevent", "{0F3609ED-AFAF-44B3-BDF0-667E90AF3AF0}"
EndProject
Project("{2150E333-8FDC-42A3-9474-1A3956D46DE8}") = "asio", "asio", "{E4E746F1-BAE4-49F9-8F97-89D1BD52697D}"
EndProject
Project("{2150E333-8FDC-42A3-9474-1A3956D46DE8}") = "linux", "linux", "{7D59E32B-8FFE-47E0-BBF9-4A73088901E8}"
EndProject
Project("{8BC9CEB8-8B4A-11D0-8D11-00A0C91BC942}") = "000.discard", "libevent\000.discard\000.discard.vcxproj", "{5DE2C1ED-310D-44A3-AF91-456F5AF099C5}"
EndProject
Project("{8BC9CEB8-8B4A-11D0-8D11-00A0C91BC942}") = "000.discard_client", "libevent\000.discard_client\000.discard_client.vcxproj", "{FF620069-8D5E-4109-98EB-39AC89CAF963}"
EndProject
Project("{8BC9CEB8-8B4A-11D0-8D11-00A0C91BC942}") = "001.daytime", "libevent\001.daytime\001.daytime.vcxproj", "{46D4112B-447D-45DE-8A19-7131E8F50437}"
EndProject
Project("{8BC9CEB8-8B4A-11D0-8D11-00A0C91BC942}") = "002.time", "libevent\002.time\002.time.vcxproj", "{83DE22DB-7010-442C-BDF7-60E60575FC5F}"
EndProject
Project("{8BC9CEB8-8B4A-11D0-8D11-00A0C91BC942}") = "002.time_client", "libevent\002.time_client\002.time_client.vcxproj", "{A4C30789-AF5E-454C-AE86-34C24487F03C}"
EndProject
Project("{8BC9CEB8-8B4A-11D0-8D11-00A0C91BC942}") = "002.time_client_libevent", "libevent\002.time_client_libevent\002.time_client_libevent.vcxproj", "{D1B50602-7272-4BCD-A572-56B4E36BB5DC}"
EndProject
Project("{8BC9CEB8-8B4A-11D0-8D11-00A0C91BC942}") = "003.echo", "libevent\003.echo\003.echo.vcxproj", "{C5272106-C6CC-4AC6-AF86-CFFA65C36C3C}"
EndProject
Project("{8BC9CEB8-8B4A-11D0-8D11-00A0C91BC942}") = "004.chargen", "libevent\004.chargen\004.chargen.vcxproj", "{6C88832D-845F-4AC9-ABD2-93F38BAF441A}"
EndProject
Project("{8BC9CEB8-8B4A-11D0-8D11-00A0C91BC942}") = "005.pingpong", "libevent\005.pingpong\005.pingpong.vcxproj", "{BB4C4C94-3870-4C33-B8E6-18074CA712CF}"
EndProject
Project("{8BC9CEB8-8B4A-11D0-8D11-00A0C91BC942}") = "005.pingpong_client", "libevent\005.pingpong_client\005.pingpong_client.vcxproj", "{1642209A-1081-40B6-A0BB-D457C0BA3BAA}"
EndProject
Project("{8BC9CEB8-8B4A-11D0-8D11-00A0C91BC942}") = "006.chat", "libevent\006.chat\006.chat.vcxproj", "{4A96F622-57EC-4DEE-A61B-6E0B59183006}"
EndProject
Project("{8BC9CEB8-8B4A-11D0-8D11-00A0C91BC942}") = "007.chat_with_codec", "libevent\007.chat_with_codec\007.chat_with_codec.vcxproj", "{6859E311-E7FD-41B0-A7FB-056F1FB76280}"
EndProject
Project("{8BC9CEB8-8B4A-11D0-8D11-00A0C91BC942}") = "007.chat_with_codec_client", "libevent\007.chat_with_codec_client\007.chat_with_codec_client.vcxproj", "{08006F22-2FBD-42C6-831F-A211A32F7835}"
EndProject
Project("{8BC9CEB8-8B4A-11D0-8D11-00A0C91BC942}") = "000.discard", "linux\000.discard\000.discard.vcxproj", "{BF05628C-9E87-444E-A5AC-EA3F365134CE}"
EndProject
Global
	GlobalSection(SolutionConfigurationPlatforms) = preSolution
		Debug|ARM = Debug|ARM
		Debug|ARM64 = Debug|ARM64
		Debug|x64 = Debug|x64
		Debug|x86 = Debug|x86
		Release|ARM = Release|ARM
		Release|ARM64 = Release|ARM64
		Release|x64 = Release|x64
		Release|x86 = Release|x86
	EndGlobalSection
	GlobalSection(ProjectConfigurationPlatforms) = postSolution
		{5DE2C1ED-310D-44A3-AF91-456F5AF099C5}.Debug|ARM.ActiveCfg = Debug|Win32
		{5DE2C1ED-310D-44A3-AF91-456F5AF099C5}.Debug|ARM64.ActiveCfg = Debug|Win32
		{5DE2C1ED-310D-44A3-AF91-456F5AF099C5}.Debug|x64.ActiveCfg = Debug|x64
		{5DE2C1ED-310D-44A3-AF91-456F5AF099C5}.Debug|x64.Build.0 = Debug|x64
		{5DE2C1ED-310D-44A3-AF91-456F5AF099C5}.Debug|x86.ActiveCfg = Debug|Win32
		{5DE2C1ED-310D-44A3-AF91-456F5AF099C5}.Debug|x86.Build.0 = Debug|Win32
		{5DE2C1ED-310D-44A3-AF91-456F5AF099C5}.Release|ARM.ActiveCfg = Release|Win32
		{5DE2C1ED-310D-44A3-AF91-456F5AF099C5}.Release|ARM64.ActiveCfg = Release|Win32
		{5DE2C1ED-310D-44A3-AF91-456F5AF099C5}.Release|x64.ActiveCfg = Release|x64
		{5DE2C1ED-310D-44A3-AF91-456F5AF099C5}.Release|x64.Build.0 = Release|x64
		{5DE2C1ED-310D-44A3-AF91-456F5AF099C5}.Release|x86.ActiveCfg = Release|Win32
		{5DE2C1ED-310D-44A3-AF91-456F5AF099C5}.Release|x86.Build.0 = Release|Win32
		{FF620069-8D5E-4109-98EB-39AC89CAF963}.Debug|ARM.ActiveCfg = Debug|Win32
		{FF620069-8D5E-4109-98EB-39AC89CAF963}.Debug|ARM64.ActiveCfg = Debug|Win32
		{FF620069-8D5E-4109-98EB-39AC89CAF963}.Debug|x64.ActiveCfg = Debug|x64
		{FF620069-8D5E-4109-98EB-39AC89CAF963}.Debug|x64.Build.0 = Debug|x64
		{FF620069-8D5E-4109-98EB-39AC89CAF963}.Debug|x86.ActiveCfg = Debug|Win32
		{FF620069-8D5E-4109-98EB-39AC89CAF963}.Debug|x86.Build.0 = Debug|Win32
		{FF620069-8D5E-4109-98EB-39AC89CAF963}.Release|ARM.ActiveCfg = Release|Win32
		{FF620069-8D5E-4109-98EB-39AC89CAF963}.Release|ARM64.ActiveCfg = Release|Win32
		{FF620069-8D5E-4109-98EB-39AC89CAF963}.Release|x64.ActiveCfg = Release|x64
		{FF620069-8D5E-4109-98EB-39AC89CAF963}.Release|x64.Build.0 = Release|x64
		{FF620069-8D5E-4109-98EB-39AC89CAF963}.Release|x86.ActiveCfg = Release|Win32
		{FF620069-8D5E-4109-98EB-39AC89CAF963}.Release|x86.Build.0 = Release|Win32
		{46D4112B-447D-45DE-8A19-7131E8F50437}.Debug|ARM.ActiveCfg = Debug|Win32
		{46D4112B-447D-45DE-8A19-7131E8F50437}.Debug|ARM64.ActiveCfg = Debug|Win32
		{46D4112B-447D-45DE-8A19-7131E8F50437}.Debug|x64.ActiveCfg = Debug|x64
		{46D4112B-447D-45DE-8A19-7131E8F50437}.Debug|x64.Build.0 = Debug|x64
		{46D4112B-447D-45DE-8A19-7131E8F50437}.Debug|x86.ActiveCfg = Debug|Win32
		{46D4112B-447D-45DE-8A19-7131E8F50437}.Debug|x86.Build.0 = Debug|Win32
		{46D4112B-447D-45DE-8A19-7131E8F50437}.Release|ARM.ActiveCfg = Release|Win32
		{46D4112B-447D-45DE-8A19-7131E8F50437}.Release|ARM64.ActiveCfg = Release|Win32
		{46D4112B-447D-45DE-8A19-7131E8F50437}.Release|x64.ActiveCfg = Release|x64
		{46D4112B-447D-45DE-8A19-7131E8F50437}.Release|x64.Build.0 = Release|x64
		{46D4112B-447D-45DE-8A19-7131E8F50437}.Release|x86.ActiveCfg = Release|Win32
		{46D4112B-447D-45DE-8A19-7131E8F50437}.Release|x86.Build.0 = Release|Win32
		{83DE22DB-7010-442C-BDF7-60E60575FC5F}.Debug|ARM.ActiveCfg = Debug|Win32
		{83DE22DB-7010-442C-BDF7-60E60575FC5F}.Debug|ARM64.ActiveCfg = Debug|Win32
		{83DE22DB-7010-442C-BDF7-60E60575FC5F}.Debug|x64.ActiveCfg = Debug|x64
		{83DE22DB-7010-442C-BDF7-60E60575FC5F}.Debug|x64.Build.0 = Debug|x64
		{83DE22DB-7010-442C-BDF7-60E60575FC5F}.Debug|x86.ActiveCfg = Debug|Win32
		{83DE22DB-7010-442C-BDF7-60E60575FC5F}.Debug|x86.Build.0 = Debug|Win32
		{83DE22DB-7010-442C-BDF7-60E60575FC5F}.Release|ARM.ActiveCfg = Release|Win32
		{83DE22DB-7010-442C-BDF7-60E60575FC5F}.Release|ARM64.ActiveCfg = Release|Win32
		{83DE22DB-7010-442C-BDF7-60E60575FC5F}.Release|x64.ActiveCfg = Release|x64
		{83DE22DB-7010-442C-BDF7-60E60575FC5F}.Release|x64.Build.0 = Release|x64
		{83DE22DB-7010-442C-BDF7-60E60575FC5F}.Release|x86.ActiveCfg = Release|Win32
		{83DE22DB-7010-442C-BDF7-60E60575FC5F}.Release|x86.Build.0 = Release|Win32
		{A4C30789-AF5E-454C-AE86-34C24487F03C}.Debug|ARM.ActiveCfg = Debug|Win32
		{A4C30789-AF5E-454C-AE86-34C24487F03C}.Debug|ARM64.ActiveCfg = Debug|Win32
		{A4C30789-AF5E-454C-AE86-34C24487F03C}.Debug|x64.ActiveCfg = Debug|x64
		{A4C30789-AF5E-454C-AE86-34C24487F03C}.Debug|x64.Build.0 = Debug|x64
		{A4C30789-AF5E-454C-AE86-34C24487F03C}.Debug|x86.ActiveCfg = Debug|Win32
		{A4C30789-AF5E-454C-AE86-34C24487F03C}.Debug|x86.Build.0 = Debug|Win32
		{A4C30789-AF5E-454C-AE86-34C24487F03C}.Release|ARM.ActiveCfg = Release|Win32
		{A4C30789-AF5E-454C-AE86-34C24487F03C}.Release|ARM64.ActiveCfg = Release|Win32
		{A4C30789-AF5E-454C-AE86-34C24487F03C}.Release|x64.ActiveCfg = Release|x64
		{A4C30789-AF5E-454C-AE86-34C24487F03C}.Release|x64.Build.0 = Release|x64
		{A4C30789-AF5E-454C-AE86-34C24487F03C}.Release|x86.ActiveCfg = Release|Win32
		{A4C30789-AF5E-454C-AE86-34C24487F03C}.Release|x86.Build.0 = Release|Win32
		{D1B50602-7272-4BCD-A572-56B4E36BB5DC}.Debug|ARM.ActiveCfg = Debug|Win32
		{D1B50602-7272-4BCD-A572-56B4E36BB5DC}.Debug|ARM64.ActiveCfg = Debug|Win32
		{D1B50602-7272-4BCD-A572-56B4E36BB5DC}.Debug|x64.ActiveCfg = Debug|x64
		{D1B50602-7272-4BCD-A572-56B4E36BB5DC}.Debug|x64.Build.0 = Debug|x64
		{D1B50602-7272-4BCD-A572-56B4E36BB5DC}.Debug|x86.ActiveCfg = Debug|Win32
		{D1B50602-7272-4BCD-A572-56B4E36BB5DC}.Debug|x86.Build.0 = Debug|Win32
		{D1B50602-7272-4BCD-A572-56B4E36BB5DC}.Release|ARM.ActiveCfg = Release|Win32
		{D1B50602-7272-4BCD-A572-56B4E36BB5DC}.Release|ARM64.ActiveCfg = Release|Win32
		{D1B50602-7272-4BCD-A572-56B4E36BB5DC}.Release|x64.ActiveCfg = Release|x64
		{D1B50602-7272-4BCD-A572-56B4E36BB5DC}.Release|x64.Build.0 = Release|x64
		{D1B50602-7272-4BCD-A572-56B4E36BB5DC}.Release|x86.ActiveCfg = Release|Win32
		{D1B50602-7272-4BCD-A572-56B4E36BB5DC}.Release|x86.Build.0 = Release|Win32
		{C5272106-C6CC-4AC6-AF86-CFFA65C36C3C}.Debug|ARM.ActiveCfg = Debug|Win32
		{C5272106-C6CC-4AC6-AF86-CFFA65C36C3C}.Debug|ARM64.ActiveCfg = Debug|Win32
		{C5272106-C6CC-4AC6-AF86-CFFA65C36C3C}.Debug|x64.ActiveCfg = Debug|x64
		{C5272106-C6CC-4AC6-AF86-CFFA65C36C3C}.Debug|x64.Build.0 = Debug|x64
		{C5272106-C6CC-4AC6-AF86-CFFA65C36C3C}.Debug|x86.ActiveCfg = Debug|Win32
		{C5272106-C6CC-4AC6-AF86-CFFA65C36C3C}.Debug|x86.Build.0 = Debug|Win32
		{C5272106-C6CC-4AC6-AF86-CFFA65C36C3C}.Release|ARM.ActiveCfg = Release|Win32
		{C5272106-C6CC-4AC6-AF86-CFFA65C36C3C}.Release|ARM64.ActiveCfg = Release|Win32
		{C5272106-C6CC-4AC6-AF86-CFFA65C36C3C}.Release|x64.ActiveCfg = Release|x64
		{C5272106-C6CC-4AC6-AF86-CFFA65C36C3C}.Release|x64.Build.0 = Release|x64
		{C5272106-C6CC-4AC6-AF86-CFFA65C36C3C}.Release|x86.ActiveCfg = Release|Win32
		{C5272106-C6CC-4AC6-AF86-CFFA65C36C3C}.Release|x86.Build.0 = Release|Win32
		{6C88832D-845F-4AC9-ABD2-93F38BAF441A}.Debug|ARM.ActiveCfg = Debug|Win32
		{6C88832D-845F-4AC9-ABD2-93F38BAF441A}.Debug|ARM64.ActiveCfg = Debug|Win32
		{6C88832D-845F-4AC9-ABD2-93F38BAF441A}.Debug|x64.ActiveCfg = Debug|x64
		{6C88832D-845F-4AC9-ABD2-93F38BAF441A}.Debug|x64.Build.0 = Debug|x64
		{6C88832D-845F-4AC9-ABD2-93F38BAF441A}.Debug|x86.ActiveCfg = Debug|Win32
		{6C88832D-845F-4AC9-ABD2-93F38BAF441A}.Debug|x86.Build.0 = Debug|Win32
		{6C88832D-845F-4AC9-ABD2-93F38BAF441A}.Release|ARM.ActiveCfg = Release|Win32
		{6C88832D-845F-4AC9-ABD2-93F38BAF441A}.Release|ARM64.ActiveCfg = Release|Win32
		{6C88832D-845F-4AC9-ABD2-93F38BAF441A}.Release|x64.ActiveCfg = Release|x64
		{6C88832D-845F-4AC9-ABD2-93F38BAF441A}.Release|x64.Build.0 = Release|x64
		{6C88832D-845F-4AC9-ABD2-93F38BAF441A}.Release|x86.ActiveCfg = Release|Win32
		{6C88832D-845F-4AC9-ABD2-93F38BAF441A}.Release|x86.Build.0 = Release|Win32
		{BB4C4C94-3870-4C33-B8E6-18074CA712CF}.Debug|ARM.ActiveCfg = Debug|Win32
		{BB4C4C94-3870-4C33-B8E6-18074CA712CF}.Debug|ARM64.ActiveCfg = Debug|Win32
		{BB4C4C94-3870-4C33-B8E6-18074CA712CF}.Debug|x64.ActiveCfg = Debug|x64
		{BB4C4C94-3870-4C33-B8E6-18074CA712CF}.Debug|x64.Build.0 = Debug|x64
		{BB4C4C94-3870-4C33-B8E6-18074CA712CF}.Debug|x86.ActiveCfg = Debug|Win32
		{BB4C4C94-3870-4C33-B8E6-18074CA712CF}.Debug|x86.Build.0 = Debug|Win32
		{BB4C4C94-3870-4C33-B8E6-18074CA712CF}.Release|ARM.ActiveCfg = Release|Win32
		{BB4C4C94-3870-4C33-B8E6-18074CA712CF}.Release|ARM64.ActiveCfg = Release|Win32
		{BB4C4C94-3870-4C33-B8E6-18074CA712CF}.Release|x64.ActiveCfg = Release|x64
		{BB4C4C94-3870-4C33-B8E6-18074CA712CF}.Release|x64.Build.0 = Release|x64
		{BB4C4C94-3870-4C33-B8E6-18074CA712CF}.Release|x86.ActiveCfg = Release|Win32
		{BB4C4C94-3870-4C33-B8E6-18074CA712CF}.Release|x86.Build.0 = Release|Win32
		{1642209A-1081-40B6-A0BB-D457C0BA3BAA}.Debug|ARM.ActiveCfg = Debug|Win32
		{1642209A-1081-40B6-A0BB-D457C0BA3BAA}.Debug|ARM64.ActiveCfg = Debug|Win32
		{1642209A-1081-40B6-A0BB-D457C0BA3BAA}.Debug|x64.ActiveCfg = Debug|x64
		{1642209A-1081-40B6-A0BB-D457C0BA3BAA}.Debug|x64.Build.0 = Debug|x64
		{1642209A-1081-40B6-A0BB-D457C0BA3BAA}.Debug|x86.ActiveCfg = Debug|Win32
		{1642209A-1081-40B6-A0BB-D457C0BA3BAA}.Debug|x86.Build.0 = Debug|Win32
		{1642209A-1081-40B6-A0BB-D457C0BA3BAA}.Release|ARM.ActiveCfg = Release|Win32
		{1642209A-1081-40B6-A0BB-D457C0BA3BAA}.Release|ARM64.ActiveCfg = Release|Win32
		{1642209A-1081-40B6-A0BB-D457C0BA3BAA}.Release|x64.ActiveCfg = Release|x64
		{1642209A-1081-40B6-A0BB-D457C0BA3BAA}.Release|x64.Build.0 = Release|x64
		{1642209A-1081-40B6-A0BB-D457C0BA3BAA}.Release|x86.ActiveCfg = Release|Win32
		{1642209A-1081-40B6-A0BB-D457C0BA3BAA}.Release|x86.Build.0 = Release|Win32
		{4A96F622-57EC-4DEE-A61B-6E0B59183006}.Debug|ARM.ActiveCfg = Debug|Win32
		{4A96F622-57EC-4DEE-A61B-6E0B59183006}.Debug|ARM64.ActiveCfg = Debug|Win32
		{4A96F622-57EC-4DEE-A61B-6E0B59183006}.Debug|x64.ActiveCfg = Debug|x64
		{4A96F622-57EC-4DEE-A61B-6E0B59183006}.Debug|x64.Build.0 = Debug|x64
		{4A96F622-57EC-4DEE-A61B-6E0B59183006}.Debug|x86.ActiveCfg = Debug|Win32
		{4A96F622-57EC-4DEE-A61B-6E0B59183006}.Debug|x86.Build.0 = Debug|Win32
		{4A96F622-57EC-4DEE-A61B-6E0B59183006}.Release|ARM.ActiveCfg = Release|Win32
		{4A96F622-57EC-4DEE-A61B-6E0B59183006}.Release|ARM64.ActiveCfg = Release|Win32
		{4A96F622-57EC-4DEE-A61B-6E0B59183006}.Release|x64.ActiveCfg = Release|x64
		{4A96F622-57EC-4DEE-A61B-6E0B59183006}.Release|x64.Build.0 = Release|x64
		{4A96F622-57EC-4DEE-A61B-6E0B59183006}.Release|x86.ActiveCfg = Release|Win32
		{4A96F622-57EC-4DEE-A61B-6E0B59183006}.Release|x86.Build.0 = Release|Win32
		{6859E311-E7FD-41B0-A7FB-056F1FB76280}.Debug|ARM.ActiveCfg = Debug|Win32
		{6859E311-E7FD-41B0-A7FB-056F1FB76280}.Debug|ARM64.ActiveCfg = Debug|Win32
		{6859E311-E7FD-41B0-A7FB-056F1FB76280}.Debug|x64.ActiveCfg = Debug|x64
		{6859E311-E7FD-41B0-A7FB-056F1FB76280}.Debug|x64.Build.0 = Debug|x64
		{6859E311-E7FD-41B0-A7FB-056F1FB76280}.Debug|x86.ActiveCfg = Debug|Win32
		{6859E311-E7FD-41B0-A7FB-056F1FB76280}.Debug|x86.Build.0 = Debug|Win32
		{6859E311-E7FD-41B0-A7FB-056F1FB76280}.Release|ARM.ActiveCfg = Release|Win32
		{6859E311-E7FD-41B0-A7FB-056F1FB76280}.Release|ARM64.ActiveCfg = Release|Win32
		{6859E311-E7FD-41B0-A7FB-056F1FB76280}.Release|x64.ActiveCfg = Release|x64
		{6859E311-E7FD-41B0-A7FB-056F1FB76280}.Release|x64.Build.0 = Release|x64
		{6859E311-E7FD-41B0-A7FB-056F1FB76280}.Release|x86.ActiveCfg = Release|Win32
		{6859E311-E7FD-41B0-A7FB-056F1FB76280}.Release|x86.Build.0 = Release|Win32
		{08006F22-2FBD-42C6-831F-A211A32F7835}.Debug|ARM.ActiveCfg = Debug|Win32
		{08006F22-2FBD-42C6-831F-A211A32F7835}.Debug|ARM64.ActiveCfg = Debug|Win32
		{08006F22-2FBD-42C6-831F-A211A32F7835}.Debug|x64.ActiveCfg = Debug|x64
		{08006F22-2FBD-42C6-831F-A211A32F7835}.Debug|x64.Build.0 = Debug|x64
		{08006F22-2FBD-42C6-831F-A211A32F7835}.Debug|x86.ActiveCfg = Debug|Win32
		{08006F22-2FBD-42C6-831F-A211A32F7835}.Debug|x86.Build.0 = Debug|Win32
		{08006F22-2FBD-42C6-831F-A211A32F7835}.Release|ARM.ActiveCfg = Release|Win32
		{08006F22-2FBD-42C6-831F-A211A32F7835}.Release|ARM64.ActiveCfg = Release|Win32
		{08006F22-2FBD-42C6-831F-A211A32F7835}.Release|x64.ActiveCfg = Release|x64
		{08006F22-2FBD-42C6-831F-A211A32F7835}.Release|x64.Build.0 = Release|x64
		{08006F22-2FBD-42C6-831F-A211A32F7835}.Release|x86.ActiveCfg = Release|Win32
		{08006F22-2FBD-42C6-831F-A211A32F7835}.Release|x86.Build.0 = Release|Win32
		{BF05628C-9E87-444E-A5AC-EA3F365134CE}.Debug|ARM.ActiveCfg = Debug|ARM
		{BF05628C-9E87-444E-A5AC-EA3F365134CE}.Debug|ARM.Build.0 = Debug|ARM
		{BF05628C-9E87-444E-A5AC-EA3F365134CE}.Debug|ARM.Deploy.0 = Debug|ARM
		{BF05628C-9E87-444E-A5AC-EA3F365134CE}.Debug|ARM64.ActiveCfg = Debug|ARM64
		{BF05628C-9E87-444E-A5AC-EA3F365134CE}.Debug|ARM64.Build.0 = Debug|ARM64
		{BF05628C-9E87-444E-A5AC-EA3F365134CE}.Debug|ARM64.Deploy.0 = Debug|ARM64
		{BF05628C-9E87-444E-A5AC-EA3F365134CE}.Debug|x64.ActiveCfg = Debug|x64
		{BF05628C-9E87-444E-A5AC-EA3F365134CE}.Debug|x64.Build.0 = Debug|x64
		{BF05628C-9E87-444E-A5AC-EA3F365134CE}.Debug|x64.Deploy.0 = Debug|x64
		{BF05628C-9E87-444E-A5AC-EA3F365134CE}.Debug|x86.ActiveCfg = Debug|x86
		{BF05628C-9E87-444E-A5AC-EA3F365134CE}.Debug|x86.Build.0 = Debug|x86
		{BF05628C-9E87-444E-A5AC-EA3F365134CE}.Debug|x86.Deploy.0 = Debug|x86
		{BF05628C-9E87-444E-A5AC-EA3F365134CE}.Release|ARM.ActiveCfg = Release|ARM
		{BF05628C-9E87-444E-A5AC-EA3F365134CE}.Release|ARM.Build.0 = Release|ARM
		{BF05628C-9E87-444E-A5AC-EA3F365134CE}.Release|ARM.Deploy.0 = Release|ARM
		{BF05628C-9E87-444E-A5AC-EA3F365134CE}.Release|ARM64.ActiveCfg = Release|ARM64
		{BF05628C-9E87-444E-A5AC-EA3F365134CE}.Release|ARM64.Build.0 = Release|ARM64
		{BF05628C-9E87-444E-A5AC-EA3F365134CE}.Release|ARM64.Deploy.0 = Release|ARM64
		{BF05628C-9E87-444E-A5AC-EA3F365134CE}.Release|x64.ActiveCfg = Release|x64
		{BF05628C-9E87-444E-A5AC-EA3F365134CE}.Release|x64.Build.0 = Release|x64
		{BF05628C-9E87-444E-A5AC-EA3F365134CE}.Release|x64.Deploy.0 = Release|x64
		{BF05628C-9E87-444E-A5AC-EA3F365134CE}.Release|x86.ActiveCfg = Release|x86
		{BF05628C-9E87-444E-A5AC-EA3F365134CE}.Release|x86.Build.0 = Release|x86
		{BF05628C-9E87-444E-A5AC-EA3F365134CE}.Release|x86.Deploy.0 = Release|x86
	EndGlobalSection
	GlobalSection(SolutionProperties) = preSolution
		HideSolutionNode = FALSE
	EndGlobalSection
	GlobalSection(NestedProjects) = preSolution
		{5DE2C1ED-310D-44A3-AF91-456F5AF099C5} = {0F3609ED-AFAF-44B3-BDF0-667E90AF3AF0}
		{FF620069-8D5E-4109-98EB-39AC89CAF963} = {0F3609ED-AFAF-44B3-BDF0-667E90AF3AF0}
		{46D4112B-447D-45DE-8A19-7131E8F50437} = {0F3609ED-AFAF-44B3-BDF0-667E90AF3AF0}
		{83DE22DB-7010-442C-BDF7-60E60575FC5F} = {0F3609ED-AFAF-44B3-BDF0-667E90AF3AF0}
		{A4C30789-AF5E-454C-AE86-34C24487F03C} = {0F3609ED-AFAF-44B3-BDF0-667E90AF3AF0}
		{D1B50602-7272-4BCD-A572-56B4E36BB5DC} = {0F3609ED-AFAF-44B3-BDF0-667E90AF3AF0}
		{C5272106-C6CC-4AC6-AF86-CFFA65C36C3C} = {0F3609ED-AFAF-44B3-BDF0-667E90AF3AF0}
		{6C88832D-845F-4AC9-ABD2-93F38BAF441A} = {0F3609ED-AFAF-44B3-BDF0-667E90AF3AF0}
		{BB4C4C94-3870-4C33-B8E6-18074CA712CF} = {0F3609ED-AFAF-44B3-BDF0-667E90AF3AF0}
		{1642209A-1081-40B6-A0BB-D457C0BA3BAA} = {0F3609ED-AFAF-44B3-BDF0-667E90AF3AF0}
		{4A96F622-57EC-4DEE-A61B-6E0B59183006} = {0F3609ED-AFAF-44B3-BDF0-667E90AF3AF0}
		{6859E311-E7FD-41B0-A7FB-056F1FB76280} = {0F3609ED-AFAF-44B3-BDF0-667E90AF3AF0}
		{08006F22-2FBD-42C6-831F-A211A32F7835} = {0F3609ED-AFAF-44B3-BDF0-667E90AF3AF0}
		{BF05628C-9E87-444E-A5AC-EA3F365134CE} = {7D59E32B-8FFE-47E0-BBF9-4A73088901E8}
	EndGlobalSection
	GlobalSection(ExtensibilityGlobals) = postSolution
		SolutionGuid = {A4F61815-7169-40DA-9A3F-5FD9B88D1897}
	EndGlobalSection
EndGlobal
